
Microsoft Visual Studio Solution File, Format Version 12.00
# Visual Studio Version 16
VisualStudioVersion = 16.0.30503.244
MinimumVisualStudioVersion = 10.0.40219.1
Project("{FAE04EC0-301F-11D3-BF4B-00C04F79EFBC}") = "SearchEngine", "SearchEngine.csproj", "{0D4A8876-3691-45A0-8CAA-DC5F34149884}"
EndProject
Global
	GlobalSection(SolutionConfigurationPlatforms) = preSolution
		Debug|Any CPU = Debug|Any CPU
		Release|Any CPU = Release|Any CPU
	EndGlobalSection
	GlobalSection(ProjectConfigurationPlatforms) = postSolution
		{0D4A8876-3691-45A0-8CAA-DC5F34149884}.Debug|Any CPU.ActiveCfg = Debug|Any CPU
		{0D4A8876-3691-45A0-8CAA-DC5F34149884}.Debug|Any CPU.Build.0 = Debug|Any CPU
		{0D4A8876-3691-45A0-8CAA-DC5F34149884}.Release|Any CPU.ActiveCfg = Release|Any CPU
		{0D4A8876-3691-45A0-8CAA-DC5F34149884}.Release|Any CPU.Build.0 = Release|Any CPU
	EndGlobalSection
	GlobalSection(SolutionProperties) = preSolution
		HideSolutionNode = FALSE
	EndGlobalSection
	GlobalSection(ExtensibilityGlobals) = postSolution
		SolutionGuid = {09EA3625-3C28-461B-9F88-EFF07BC7E536}
	EndGlobalSection
EndGlobal
